
Microsoft Visual Studio Solution File, Format Version 12.00
# Visual Studio Version 16
VisualStudioVersion = 16.0.30523.141
MinimumVisualStudioVersion = 10.0.40219.1
Project("{FAE04EC0-301F-11D3-BF4B-00C04F79EFBC}") = "UiDesign.Android", "UiDesign\UiDesign.Android\UiDesign.Android.csproj", "{878192B8-6C64-40E7-8D52-0B393443C0AE}"
EndProject
Project("{FAE04EC0-301F-11D3-BF4B-00C04F79EFBC}") = "UiDesign", "UiDesign\UiDesign\UiDesign.csproj", "{97762A8E-E34E-400A-83B2-AA4CAE5D5044}"
EndProject
Global
	GlobalSection(SolutionConfigurationPlatforms) = preSolution
		Debug|Any CPU = Debug|Any CPU
		Release|Any CPU = Release|Any CPU
	EndGlobalSection
	GlobalSection(ProjectConfigurationPlatforms) = postSolution
		{878192B8-6C64-40E7-8D52-0B393443C0AE}.Debug|Any CPU.ActiveCfg = Debug|Any CPU
		{878192B8-6C64-40E7-8D52-0B393443C0AE}.Debug|Any CPU.Build.0 = Debug|Any CPU
		{878192B8-6C64-40E7-8D52-0B393443C0AE}.Debug|Any CPU.Deploy.0 = Debug|Any CPU
		{878192B8-6C64-40E7-8D52-0B393443C0AE}.Release|Any CPU.ActiveCfg = Release|Any CPU
		{878192B8-6C64-40E7-8D52-0B393443C0AE}.Release|Any CPU.Build.0 = Release|Any CPU
		{878192B8-6C64-40E7-8D52-0B393443C0AE}.Release|Any CPU.Deploy.0 = Release|Any CPU
		{97762A8E-E34E-400A-83B2-AA4CAE5D5044}.Debug|Any CPU.ActiveCfg = Debug|Any CPU
		{97762A8E-E34E-400A-83B2-AA4CAE5D5044}.Debug|Any CPU.Build.0 = Debug|Any CPU
		{97762A8E-E34E-400A-83B2-AA4CAE5D5044}.Debug|Any CPU.Deploy.0 = Debug|Any CPU
		{97762A8E-E34E-400A-83B2-AA4CAE5D5044}.Release|Any CPU.ActiveCfg = Release|Any CPU
		{97762A8E-E34E-400A-83B2-AA4CAE5D5044}.Release|Any CPU.Build.0 = Release|Any CPU
		{97762A8E-E34E-400A-83B2-AA4CAE5D5044}.Release|Any CPU.Deploy.0 = Release|Any CPU
	EndGlobalSection
	GlobalSection(SolutionProperties) = preSolution
		HideSolutionNode = FALSE
	EndGlobalSection
	GlobalSection(ExtensibilityGlobals) = postSolution
		SolutionGuid = {15B49EBE-3D94-4D3C-BB09-9AEA32BBC53E}
	EndGlobalSection
EndGlobal
